
Microsoft Visual Studio Solution File, Format Version 12.00
# Visual Studio 15
VisualStudioVersion = 15.0.27428.2043
MinimumVisualStudioVersion = 10.0.40219.1
Project("{9A19103F-16F7-4668-BE54-9A1E7A4F7556}") = "SmallHotelEntitiesLib", "SmallHotelEntitiesLib\SmallHotelEntitiesLib.csproj", "{8F0FF1E2-DC65-4BA5-B8CB-9EEC020FEA1B}"
EndProject
Project("{9A19103F-16F7-4668-BE54-9A1E7A4F7556}") = "SmallHotelContextLib", "SmallHotelContextLib\SmallHotelContextLib.csproj", "{9A067BF8-F9B0-48D5-B50E-037FA63AAB57}"
EndProject
Project("{9A19103F-16F7-4668-BE54-9A1E7A4F7556}") = "TestConsole", "TestConsole\TestConsole.csproj", "{74A5A148-548B-4BE4-8340-C85D8F00450B}"
EndProject
Project("{9A19103F-16F7-4668-BE54-9A1E7A4F7556}") = "SmallHotelService", "SmallHotelService\SmallHotelService.csproj", "{937FCD82-536F-43F1-B740-C1FDFA7DA4ED}"
EndProject
Project("{FAE04EC0-301F-11D3-BF4B-00C04F79EFBC}") = "SmallHotelAngular", "SmallHotelAngular\SmallHotelAngular.csproj", "{EAC18012-6D32-4A69-8C72-2AD04AE2D25F}"
EndProject
Global
	GlobalSection(SolutionConfigurationPlatforms) = preSolution
		Debug|Any CPU = Debug|Any CPU
		Release|Any CPU = Release|Any CPU
	EndGlobalSection
	GlobalSection(ProjectConfigurationPlatforms) = postSolution
		{8F0FF1E2-DC65-4BA5-B8CB-9EEC020FEA1B}.Debug|Any CPU.ActiveCfg = Debug|Any CPU
		{8F0FF1E2-DC65-4BA5-B8CB-9EEC020FEA1B}.Debug|Any CPU.Build.0 = Debug|Any CPU
		{8F0FF1E2-DC65-4BA5-B8CB-9EEC020FEA1B}.Release|Any CPU.ActiveCfg = Release|Any CPU
		{8F0FF1E2-DC65-4BA5-B8CB-9EEC020FEA1B}.Release|Any CPU.Build.0 = Release|Any CPU
		{9A067BF8-F9B0-48D5-B50E-037FA63AAB57}.Debug|Any CPU.ActiveCfg = Debug|Any CPU
		{9A067BF8-F9B0-48D5-B50E-037FA63AAB57}.Debug|Any CPU.Build.0 = Debug|Any CPU
		{9A067BF8-F9B0-48D5-B50E-037FA63AAB57}.Release|Any CPU.ActiveCfg = Release|Any CPU
		{9A067BF8-F9B0-48D5-B50E-037FA63AAB57}.Release|Any CPU.Build.0 = Release|Any CPU
		{74A5A148-548B-4BE4-8340-C85D8F00450B}.Debug|Any CPU.ActiveCfg = Debug|Any CPU
		{74A5A148-548B-4BE4-8340-C85D8F00450B}.Debug|Any CPU.Build.0 = Debug|Any CPU
		{74A5A148-548B-4BE4-8340-C85D8F00450B}.Release|Any CPU.ActiveCfg = Release|Any CPU
		{74A5A148-548B-4BE4-8340-C85D8F00450B}.Release|Any CPU.Build.0 = Release|Any CPU
		{937FCD82-536F-43F1-B740-C1FDFA7DA4ED}.Debug|Any CPU.ActiveCfg = Debug|Any CPU
		{937FCD82-536F-43F1-B740-C1FDFA7DA4ED}.Debug|Any CPU.Build.0 = Debug|Any CPU
		{937FCD82-536F-43F1-B740-C1FDFA7DA4ED}.Release|Any CPU.ActiveCfg = Release|Any CPU
		{937FCD82-536F-43F1-B740-C1FDFA7DA4ED}.Release|Any CPU.Build.0 = Release|Any CPU
		{EAC18012-6D32-4A69-8C72-2AD04AE2D25F}.Debug|Any CPU.ActiveCfg = Debug|Any CPU
		{EAC18012-6D32-4A69-8C72-2AD04AE2D25F}.Debug|Any CPU.Build.0 = Debug|Any CPU
		{EAC18012-6D32-4A69-8C72-2AD04AE2D25F}.Release|Any CPU.ActiveCfg = Release|Any CPU
		{EAC18012-6D32-4A69-8C72-2AD04AE2D25F}.Release|Any CPU.Build.0 = Release|Any CPU
	EndGlobalSection
	GlobalSection(SolutionProperties) = preSolution
		HideSolutionNode = FALSE
	EndGlobalSection
	GlobalSection(ExtensibilityGlobals) = postSolution
		SolutionGuid = {B174831B-A2AA-4565-AAA3-18746D20EE40}
	EndGlobalSection
EndGlobal
